
Microsoft Visual Studio Solution File, Format Version 12.00
# Visual Studio Version 17
VisualStudioVersion = 17.11.35312.102
MinimumVisualStudioVersion = 10.0.40219.1
Project("{FAE04EC0-301F-11D3-BF4B-00C04F79EFBC}") = "MasterDetailCRUDBearerTokenWEbAPI", "MasterDetailCRUDBearerTokenWEbAPI\MasterDetailCRUDBearerTokenWEbAPI.csproj", "{B9A2CB36-CDE6-42DA-9CC2-11B99525F5CD}"
EndProject
Global
	GlobalSection(SolutionConfigurationPlatforms) = preSolution
		Debug|Any CPU = Debug|Any CPU
		Release|Any CPU = Release|Any CPU
	EndGlobalSection
	GlobalSection(ProjectConfigurationPlatforms) = postSolution
		{B9A2CB36-CDE6-42DA-9CC2-11B99525F5CD}.Debug|Any CPU.ActiveCfg = Debug|Any CPU
		{B9A2CB36-CDE6-42DA-9CC2-11B99525F5CD}.Debug|Any CPU.Build.0 = Debug|Any CPU
		{B9A2CB36-CDE6-42DA-9CC2-11B99525F5CD}.Release|Any CPU.ActiveCfg = Release|Any CPU
		{B9A2CB36-CDE6-42DA-9CC2-11B99525F5CD}.Release|Any CPU.Build.0 = Release|Any CPU
	EndGlobalSection
	GlobalSection(SolutionProperties) = preSolution
		HideSolutionNode = FALSE
	EndGlobalSection
	GlobalSection(ExtensibilityGlobals) = postSolution
		SolutionGuid = {D2154F32-4B1C-458A-BCC5-C8A7AC2822B3}
	EndGlobalSection
EndGlobal
